
Microsoft Visual Studio Solution File, Format Version 12.00
# Visual Studio Version 16
VisualStudioVersion = 16.0.30907.101
MinimumVisualStudioVersion = 10.0.40219.1
Project("{FAE04EC0-301F-11D3-BF4B-00C04F79EFBC}") = "Xambim", "Xambim.csproj", "{3AC74A04-7139-40F8-9715-9EBF58475899}"
EndProject
Global
	GlobalSection(SolutionConfigurationPlatforms) = preSolution
		Debug|Any CPU = Debug|Any CPU
		Release|Any CPU = Release|Any CPU
	EndGlobalSection
	GlobalSection(ProjectConfigurationPlatforms) = postSolution
		{3AC74A04-7139-40F8-9715-9EBF58475899}.Debug|Any CPU.ActiveCfg = Debug|Any CPU
		{3AC74A04-7139-40F8-9715-9EBF58475899}.Debug|Any CPU.Build.0 = Debug|Any CPU
		{3AC74A04-7139-40F8-9715-9EBF58475899}.Debug|Any CPU.Deploy.0 = Debug|Any CPU
		{3AC74A04-7139-40F8-9715-9EBF58475899}.Release|Any CPU.ActiveCfg = Release|Any CPU
		{3AC74A04-7139-40F8-9715-9EBF58475899}.Release|Any CPU.Build.0 = Release|Any CPU
		{3AC74A04-7139-40F8-9715-9EBF58475899}.Release|Any CPU.Deploy.0 = Release|Any CPU
	EndGlobalSection
	GlobalSection(SolutionProperties) = preSolution
		HideSolutionNode = FALSE
	EndGlobalSection
	GlobalSection(ExtensibilityGlobals) = postSolution
		SolutionGuid = {99594729-742A-43BE-AEC5-BDF1111B8CDD}
	EndGlobalSection
EndGlobal
